
Microsoft Visual Studio Solution File, Format Version 12.00
# Visual Studio Version 16
VisualStudioVersion = 16.0.29123.88
MinimumVisualStudioVersion = 10.0.40219.1
Project("{2150E333-8FDC-42A3-9474-1A3956D46DE8}") = "Solution Items", "Solution Items", "{121B8FE9-430E-4230-A21C-5D441D73E411}"
	ProjectSection(SolutionItems) = preProject
		.gitattributes = .gitattributes
		.gitignore = .gitignore
		src\Directory.Build.props = src\Directory.Build.props
		src\Directory.Build.targets = src\Directory.Build.targets
		README.md = README.md
	EndProjectSection
EndProject
Project("{2150E333-8FDC-42A3-9474-1A3956D46DE8}") = "Samples", "Samples", "{9F1BB978-B1C1-4B93-901E-5E4B0BAED900}"
EndProject
Project("{9A19103F-16F7-4668-BE54-9A1E7A4F7556}") = "Walterlv.Windows.Sample", "samples\Walterlv.Windows.Sample\Walterlv.Windows.Sample.csproj", "{114E2A58-4883-465E-8575-2A8B4182C603}"
EndProject
Project("{2150E333-8FDC-42A3-9474-1A3956D46DE8}") = "Tests", "Tests", "{D95A793C-1D14-4AA6-A552-D3C8CAD6BD45}"
EndProject
Project("{9A19103F-16F7-4668-BE54-9A1E7A4F7556}") = "Walterlv.Packages.Performance", "tests\Walterlv.Packages.Performance\Walterlv.Packages.Performance.csproj", "{BABAA81E-C4F7-4CCB-8879-AB6DD1892032}"
EndProject
Project("{9A19103F-16F7-4668-BE54-9A1E7A4F7556}") = "Walterlv.Packages.Tests", "tests\Walterlv.Packages.Tests\Walterlv.Packages.Tests.csproj", "{0559B38A-5312-4132-8EF0-D993FFA707CF}"
EndProject
Project("{9A19103F-16F7-4668-BE54-9A1E7A4F7556}") = "Walterlv.Windows.Framework", "src\Frameworks\Walterlv.Windows.Framework\Walterlv.Windows.Framework.csproj", "{C85C2E74-44E7-471A-B23C-D99165CD5327}"
EndProject
Project("{9A19103F-16F7-4668-BE54-9A1E7A4F7556}") = "Walterlv.Themes.FluentDesign", "src\Themes\Walterlv.Themes.FluentDesign\Walterlv.Themes.FluentDesign.csproj", "{A4B11C59-BF53-4E52-A0D1-23ADE41EB164}"
EndProject
Project("{9A19103F-16F7-4668-BE54-9A1E7A4F7556}") = "Walterlv.Collections", "src\Utils\Walterlv.Collections\Walterlv.Collections.csproj", "{C80221BF-27EB-488E-8DCD-85D8323273DA}"
EndProject
Project("{9A19103F-16F7-4668-BE54-9A1E7A4F7556}") = "Walterlv.Windows", "src\Utils\Walterlv.Windows\Walterlv.Windows.csproj", "{268AC499-CFEA-4AF8-9523-17C9256DC489}"
EndProject
Project("{9A19103F-16F7-4668-BE54-9A1E7A4F7556}") = "Walterlv.WeakEvents", "src\Utils\Walterlv.WeakEvents\Walterlv.WeakEvents.csproj", "{DF426317-A4FA-40F9-BEF6-9CC389CE8653}"
EndProject
Project("{9A19103F-16F7-4668-BE54-9A1E7A4F7556}") = "Walterlv.Environment", "src\Utils\Walterlv.Environment\Walterlv.Environment.csproj", "{28B2A1C2-7765-4045-B687-A3CD94EC7013}"
EndProject
Project("{9A19103F-16F7-4668-BE54-9A1E7A4F7556}") = "Walterlv.Win32", "src\Utils\Walterlv.Win32\Walterlv.Win32.csproj", "{5DECED0E-5B78-47D3-94F2-DC43526C9F93}"
EndProject
Project("{9A19103F-16F7-4668-BE54-9A1E7A4F7556}") = "Walterlv.IO.PackageManagement", "src\Utils\Walterlv.IO.PackageManagement\Walterlv.IO.PackageManagement.csproj", "{288E146D-5125-4110-BB4F-3FA28CEED702}"
EndProject
Project("{9A19103F-16F7-4668-BE54-9A1E7A4F7556}") = "Walterlv.Logger", "src\Utils\Walterlv.Logger\Walterlv.Logger.csproj", "{030C3AF4-F48F-47FD-904B-032333861C1E}"
EndProject
Project("{9A19103F-16F7-4668-BE54-9A1E7A4F7556}") = "Walterlv.NullableAttributes", "src\Diagnostics\Walterlv.NullableAttributes\Walterlv.NullableAttributes.csproj", "{425F8A12-9029-4187-8691-75CAD92B09FC}"
EndProject
Project("{9A19103F-16F7-4668-BE54-9A1E7A4F7556}") = "Walterlv.Web", "src\Utils\Walterlv.Web\Walterlv.Web.csproj", "{69B3B7FB-8F32-454D-AF34-A0526C8B5650}"
EndProject
Project("{FAE04EC0-301F-11D3-BF4B-00C04F79EFBC}") = "Walterlv.Windows.Interop", "src\Utils\Walterlv.Windows.Interop\Walterlv.Windows.Interop.csproj", "{2754690A-0200-42AC-B2F5-9B75228896C4}"
EndProject
Global
	GlobalSection(SolutionConfigurationPlatforms) = preSolution
		Debug|Any CPU = Debug|Any CPU
		Release|Any CPU = Release|Any CPU
	EndGlobalSection
	GlobalSection(ProjectConfigurationPlatforms) = postSolution
		{114E2A58-4883-465E-8575-2A8B4182C603}.Debug|Any CPU.ActiveCfg = Debug|Any CPU
		{114E2A58-4883-465E-8575-2A8B4182C603}.Debug|Any CPU.Build.0 = Debug|Any CPU
		{114E2A58-4883-465E-8575-2A8B4182C603}.Release|Any CPU.ActiveCfg = Release|Any CPU
		{114E2A58-4883-465E-8575-2A8B4182C603}.Release|Any CPU.Build.0 = Release|Any CPU
		{BABAA81E-C4F7-4CCB-8879-AB6DD1892032}.Debug|Any CPU.ActiveCfg = Debug|Any CPU
		{BABAA81E-C4F7-4CCB-8879-AB6DD1892032}.Debug|Any CPU.Build.0 = Debug|Any CPU
		{BABAA81E-C4F7-4CCB-8879-AB6DD1892032}.Release|Any CPU.ActiveCfg = Release|Any CPU
		{BABAA81E-C4F7-4CCB-8879-AB6DD1892032}.Release|Any CPU.Build.0 = Release|Any CPU
		{0559B38A-5312-4132-8EF0-D993FFA707CF}.Debug|Any CPU.ActiveCfg = Debug|Any CPU
		{0559B38A-5312-4132-8EF0-D993FFA707CF}.Debug|Any CPU.Build.0 = Debug|Any CPU
		{0559B38A-5312-4132-8EF0-D993FFA707CF}.Release|Any CPU.ActiveCfg = Release|Any CPU
		{0559B38A-5312-4132-8EF0-D993FFA707CF}.Release|Any CPU.Build.0 = Release|Any CPU
		{C85C2E74-44E7-471A-B23C-D99165CD5327}.Debug|Any CPU.ActiveCfg = Debug|Any CPU
		{C85C2E74-44E7-471A-B23C-D99165CD5327}.Debug|Any CPU.Build.0 = Debug|Any CPU
		{C85C2E74-44E7-471A-B23C-D99165CD5327}.Release|Any CPU.ActiveCfg = Release|Any CPU
		{C85C2E74-44E7-471A-B23C-D99165CD5327}.Release|Any CPU.Build.0 = Release|Any CPU
		{A4B11C59-BF53-4E52-A0D1-23ADE41EB164}.Debug|Any CPU.ActiveCfg = Debug|Any CPU
		{A4B11C59-BF53-4E52-A0D1-23ADE41EB164}.Debug|Any CPU.Build.0 = Debug|Any CPU
		{A4B11C59-BF53-4E52-A0D1-23ADE41EB164}.Release|Any CPU.ActiveCfg = Release|Any CPU
		{A4B11C59-BF53-4E52-A0D1-23ADE41EB164}.Release|Any CPU.Build.0 = Release|Any CPU
		{C80221BF-27EB-488E-8DCD-85D8323273DA}.Debug|Any CPU.ActiveCfg = Debug|Any CPU
		{C80221BF-27EB-488E-8DCD-85D8323273DA}.Debug|Any CPU.Build.0 = Debug|Any CPU
		{C80221BF-27EB-488E-8DCD-85D8323273DA}.Release|Any CPU.ActiveCfg = Release|Any CPU
		{C80221BF-27EB-488E-8DCD-85D8323273DA}.Release|Any CPU.Build.0 = Release|Any CPU
		{268AC499-CFEA-4AF8-9523-17C9256DC489}.Debug|Any CPU.ActiveCfg = Debug|Any CPU
		{268AC499-CFEA-4AF8-9523-17C9256DC489}.Debug|Any CPU.Build.0 = Debug|Any CPU
		{268AC499-CFEA-4AF8-9523-17C9256DC489}.Release|Any CPU.ActiveCfg = Release|Any CPU
		{268AC499-CFEA-4AF8-9523-17C9256DC489}.Release|Any CPU.Build.0 = Release|Any CPU
		{DF426317-A4FA-40F9-BEF6-9CC389CE8653}.Debug|Any CPU.ActiveCfg = Debug|Any CPU
		{DF426317-A4FA-40F9-BEF6-9CC389CE8653}.Debug|Any CPU.Build.0 = Debug|Any CPU
		{DF426317-A4FA-40F9-BEF6-9CC389CE8653}.Release|Any CPU.ActiveCfg = Release|Any CPU
		{DF426317-A4FA-40F9-BEF6-9CC389CE8653}.Release|Any CPU.Build.0 = Release|Any CPU
		{28B2A1C2-7765-4045-B687-A3CD94EC7013}.Debug|Any CPU.ActiveCfg = Debug|Any CPU
		{28B2A1C2-7765-4045-B687-A3CD94EC7013}.Debug|Any CPU.Build.0 = Debug|Any CPU
		{28B2A1C2-7765-4045-B687-A3CD94EC7013}.Release|Any CPU.ActiveCfg = Release|Any CPU
		{28B2A1C2-7765-4045-B687-A3CD94EC7013}.Release|Any CPU.Build.0 = Release|Any CPU
		{5DECED0E-5B78-47D3-94F2-DC43526C9F93}.Debug|Any CPU.ActiveCfg = Debug|Any CPU
		{5DECED0E-5B78-47D3-94F2-DC43526C9F93}.Debug|Any CPU.Build.0 = Debug|Any CPU
		{5DECED0E-5B78-47D3-94F2-DC43526C9F93}.Release|Any CPU.ActiveCfg = Release|Any CPU
		{5DECED0E-5B78-47D3-94F2-DC43526C9F93}.Release|Any CPU.Build.0 = Release|Any CPU
		{288E146D-5125-4110-BB4F-3FA28CEED702}.Debug|Any CPU.ActiveCfg = Debug|Any CPU
		{288E146D-5125-4110-BB4F-3FA28CEED702}.Debug|Any CPU.Build.0 = Debug|Any CPU
		{288E146D-5125-4110-BB4F-3FA28CEED702}.Release|Any CPU.ActiveCfg = Release|Any CPU
		{288E146D-5125-4110-BB4F-3FA28CEED702}.Release|Any CPU.Build.0 = Release|Any CPU
		{030C3AF4-F48F-47FD-904B-032333861C1E}.Debug|Any CPU.ActiveCfg = Debug|Any CPU
		{030C3AF4-F48F-47FD-904B-032333861C1E}.Debug|Any CPU.Build.0 = Debug|Any CPU
		{030C3AF4-F48F-47FD-904B-032333861C1E}.Release|Any CPU.ActiveCfg = Release|Any CPU
		{030C3AF4-F48F-47FD-904B-032333861C1E}.Release|Any CPU.Build.0 = Release|Any CPU
		{425F8A12-9029-4187-8691-75CAD92B09FC}.Debug|Any CPU.ActiveCfg = Debug|Any CPU
		{425F8A12-9029-4187-8691-75CAD92B09FC}.Debug|Any CPU.Build.0 = Debug|Any CPU
		{425F8A12-9029-4187-8691-75CAD92B09FC}.Release|Any CPU.ActiveCfg = Release|Any CPU
		{425F8A12-9029-4187-8691-75CAD92B09FC}.Release|Any CPU.Build.0 = Release|Any CPU
		{69B3B7FB-8F32-454D-AF34-A0526C8B5650}.Debug|Any CPU.ActiveCfg = Debug|Any CPU
		{69B3B7FB-8F32-454D-AF34-A0526C8B5650}.Debug|Any CPU.Build.0 = Debug|Any CPU
		{69B3B7FB-8F32-454D-AF34-A0526C8B5650}.Release|Any CPU.ActiveCfg = Release|Any CPU
		{69B3B7FB-8F32-454D-AF34-A0526C8B5650}.Release|Any CPU.Build.0 = Release|Any CPU
		{2754690A-0200-42AC-B2F5-9B75228896C4}.Debug|Any CPU.ActiveCfg = Debug|Any CPU
		{2754690A-0200-42AC-B2F5-9B75228896C4}.Debug|Any CPU.Build.0 = Debug|Any CPU
		{2754690A-0200-42AC-B2F5-9B75228896C4}.Release|Any CPU.ActiveCfg = Release|Any CPU
		{2754690A-0200-42AC-B2F5-9B75228896C4}.Release|Any CPU.Build.0 = Release|Any CPU
	EndGlobalSection
	GlobalSection(SolutionProperties) = preSolution
		HideSolutionNode = FALSE
	EndGlobalSection
	GlobalSection(NestedProjects) = preSolution
		{114E2A58-4883-465E-8575-2A8B4182C603} = {9F1BB978-B1C1-4B93-901E-5E4B0BAED900}
		{BABAA81E-C4F7-4CCB-8879-AB6DD1892032} = {D95A793C-1D14-4AA6-A552-D3C8CAD6BD45}
		{0559B38A-5312-4132-8EF0-D993FFA707CF} = {D95A793C-1D14-4AA6-A552-D3C8CAD6BD45}
	EndGlobalSection
	GlobalSection(ExtensibilityGlobals) = postSolution
		SolutionGuid = {10F3D597-83CE-4AD7-94AA-9BEC04207FC7}
	EndGlobalSection
EndGlobal
