
Microsoft Visual Studio Solution File, Format Version 12.00
# Visual Studio Version 16
VisualStudioVersion = 16.0.29123.88
MinimumVisualStudioVersion = 10.0.40219.1
Project("{9A19103F-16F7-4668-BE54-9A1E7A4F7556}") = "Walterlv.Collections", "src\Utils\Walterlv.Collections\Walterlv.Collections.csproj", "{C80221BF-27EB-488E-8DCD-85D8323273DA}"
EndProject
Project("{2150E333-8FDC-42A3-9474-1A3956D46DE8}") = "Solution Items", "Solution Items", "{121B8FE9-430E-4230-A21C-5D441D73E411}"
	ProjectSection(SolutionItems) = preProject
		.gitattributes = .gitattributes
		.gitignore = .gitignore
		README.md = README.md
	EndProjectSection
EndProject
Project("{2150E333-8FDC-42A3-9474-1A3956D46DE8}") = "src", "src", "{9CBF0509-7CD4-4B23-B4EE-858A63B7860A}"
	ProjectSection(SolutionItems) = preProject
		src\Directory.Build.props = src\Directory.Build.props
	EndProjectSection
EndProject
Project("{2150E333-8FDC-42A3-9474-1A3956D46DE8}") = "Tests", "Tests", "{D95A793C-1D14-4AA6-A552-D3C8CAD6BD45}"
EndProject
Project("{FAE04EC0-301F-11D3-BF4B-00C04F79EFBC}") = "Walterlv.Packages.Tests", "tests\Walterlv.Packages.Tests\Walterlv.Packages.Tests.csproj", "{0559B38A-5312-4132-8EF0-D993FFA707CF}"
EndProject
Project("{FAE04EC0-301F-11D3-BF4B-00C04F79EFBC}") = "Walterlv.Packages.Performance", "tests\Walterlv.Packages.Performance\Walterlv.Packages.Performance.csproj", "{BABAA81E-C4F7-4CCB-8879-AB6DD1892032}"
EndProject
Global
	GlobalSection(SolutionConfigurationPlatforms) = preSolution
		Debug|Any CPU = Debug|Any CPU
		Release|Any CPU = Release|Any CPU
	EndGlobalSection
	GlobalSection(ProjectConfigurationPlatforms) = postSolution
		{C80221BF-27EB-488E-8DCD-85D8323273DA}.Debug|Any CPU.ActiveCfg = Debug|Any CPU
		{C80221BF-27EB-488E-8DCD-85D8323273DA}.Debug|Any CPU.Build.0 = Debug|Any CPU
		{C80221BF-27EB-488E-8DCD-85D8323273DA}.Release|Any CPU.ActiveCfg = Release|Any CPU
		{C80221BF-27EB-488E-8DCD-85D8323273DA}.Release|Any CPU.Build.0 = Release|Any CPU
		{0559B38A-5312-4132-8EF0-D993FFA707CF}.Debug|Any CPU.ActiveCfg = Debug|Any CPU
		{0559B38A-5312-4132-8EF0-D993FFA707CF}.Debug|Any CPU.Build.0 = Debug|Any CPU
		{0559B38A-5312-4132-8EF0-D993FFA707CF}.Release|Any CPU.ActiveCfg = Release|Any CPU
		{0559B38A-5312-4132-8EF0-D993FFA707CF}.Release|Any CPU.Build.0 = Release|Any CPU
		{BABAA81E-C4F7-4CCB-8879-AB6DD1892032}.Debug|Any CPU.ActiveCfg = Debug|Any CPU
		{BABAA81E-C4F7-4CCB-8879-AB6DD1892032}.Debug|Any CPU.Build.0 = Debug|Any CPU
		{BABAA81E-C4F7-4CCB-8879-AB6DD1892032}.Release|Any CPU.ActiveCfg = Release|Any CPU
		{BABAA81E-C4F7-4CCB-8879-AB6DD1892032}.Release|Any CPU.Build.0 = Release|Any CPU
	EndGlobalSection
	GlobalSection(SolutionProperties) = preSolution
		HideSolutionNode = FALSE
	EndGlobalSection
	GlobalSection(NestedProjects) = preSolution
		{9CBF0509-7CD4-4B23-B4EE-858A63B7860A} = {121B8FE9-430E-4230-A21C-5D441D73E411}
		{0559B38A-5312-4132-8EF0-D993FFA707CF} = {D95A793C-1D14-4AA6-A552-D3C8CAD6BD45}
		{BABAA81E-C4F7-4CCB-8879-AB6DD1892032} = {D95A793C-1D14-4AA6-A552-D3C8CAD6BD45}
	EndGlobalSection
	GlobalSection(ExtensibilityGlobals) = postSolution
		SolutionGuid = {10F3D597-83CE-4AD7-94AA-9BEC04207FC7}
	EndGlobalSection
EndGlobal
